
Microsoft Visual Studio Solution File, Format Version 12.00
# Visual Studio Version 16
VisualStudioVersion = 16.0.30621.155
MinimumVisualStudioVersion = 10.0.40219.1
Project("{FAE04EC0-301F-11D3-BF4B-00C04F79EFBC}") = "CodeScriptWriter", "CodeScriptWriter\CodeScriptWriter.csproj", "{22E19CD9-007C-4E52-A3F4-A8F0142A42F4}"
EndProject
Project("{FAE04EC0-301F-11D3-BF4B-00C04F79EFBC}") = "Calculator", "Calculator\Calculator.csproj", "{A0055A51-80EF-4CBF-B46A-49A1C02C8B3B}"
EndProject
Global
	GlobalSection(SolutionConfigurationPlatforms) = preSolution
		Debug|Any CPU = Debug|Any CPU
		Release|Any CPU = Release|Any CPU
	EndGlobalSection
	GlobalSection(ProjectConfigurationPlatforms) = postSolution
		{22E19CD9-007C-4E52-A3F4-A8F0142A42F4}.Debug|Any CPU.ActiveCfg = Debug|Any CPU
		{22E19CD9-007C-4E52-A3F4-A8F0142A42F4}.Debug|Any CPU.Build.0 = Debug|Any CPU
		{22E19CD9-007C-4E52-A3F4-A8F0142A42F4}.Release|Any CPU.ActiveCfg = Release|Any CPU
		{22E19CD9-007C-4E52-A3F4-A8F0142A42F4}.Release|Any CPU.Build.0 = Release|Any CPU
		{A0055A51-80EF-4CBF-B46A-49A1C02C8B3B}.Debug|Any CPU.ActiveCfg = Debug|Any CPU
		{A0055A51-80EF-4CBF-B46A-49A1C02C8B3B}.Debug|Any CPU.Build.0 = Debug|Any CPU
		{A0055A51-80EF-4CBF-B46A-49A1C02C8B3B}.Release|Any CPU.ActiveCfg = Release|Any CPU
		{A0055A51-80EF-4CBF-B46A-49A1C02C8B3B}.Release|Any CPU.Build.0 = Release|Any CPU
	EndGlobalSection
	GlobalSection(SolutionProperties) = preSolution
		HideSolutionNode = FALSE
	EndGlobalSection
	GlobalSection(ExtensibilityGlobals) = postSolution
		SolutionGuid = {626DD1CB-45A0-439F-BB6F-CEAD3F4DD1A4}
	EndGlobalSection
EndGlobal
